version: 2.0
shards:
  concurrency:
    path: ../concurrency
    version: 0.1.0

  crystar:
    git: https://github.com/naqvis/crystar.git
    version: 0.4.0

  data:
    path: ../data
    version: 0.1.0

  extensions:
    path: ../extensions
    version: 0.1.0

  git:
    path: ../git
    version: 0.1.0

  msgpack:
    git: https://github.com/crystal-community/msgpack-crystal.git
    version: 1.3.4

  semver:
    path: ../semver
    version: 0.1.0

  shared:
    path: ../shared
    version: 0.1.0

  utils:
    path: ../utils
    version: 0.1.0

